<?xml version="1.0" encoding="utf-8"?>
<Project ToolsVersion="4.0" xmlns="http://schemas.microsoft.com/developer/msbuild/2003">
  <ItemGroup>
    <Filter Include="Исходные файлы">
      <UniqueIdentifier>{4FC737F1-C7A5-4376-A066-2A32D752A2FF}</UniqueIdentifier>
      <Extensions>cpp;c;cc;cxx;c++;cppm;ixx;def;odl;idl;hpj;bat;asm;asmx</Extensions>
    </Filter>
    <Filter Include="Файлы заголовков">
      <UniqueIdentifier>{93995380-89BD-4b04-88EB-625FBE52EBFB}</UniqueIdentifier>
      <Extensions>h;hh;hpp;hxx;h++;hm;inl;inc;ipp;xsd</Extensions>
    </Filter>
    <Filter Include="Файлы ресурсов">
      <UniqueIdentifier>{67DA6AB6-F800-4c08-8B7A-83BB121AAD01}</UniqueIdentifier>
      <Extensions>rc;ico;cur;bmp;dlg;rc2;rct;bin;rgs;gif;jpg;jpeg;jpe;resx;tiff;tif;png;wav;mfcribbon-ms</Extensions>
    </Filter>
  </ItemGroup>
  <ItemGroup>
    <ClCompile Include="include\terminality\Controls\Grid.ixx">
      <Filter>Исходные файлы</Filter>
    </ClCompile>
    <ClCompile Include="include\terminality\Controls\StackPanel.ixx">
      <Filter>Исходные файлы</Filter>
    </ClCompile>
    <ClCompile Include="include\terminality\Models\Focus.ixx">
      <Filter>Исходные файлы</Filter>
    </ClCompile>
    <ClCompile Include="include\terminality\Models\Layout.ixx">
      <Filter>Исходные файлы</Filter>
    </ClCompile>
    <ClCompile Include="include\terminality\Models\InputEvent.ixx">
      <Filter>Исходные файлы</Filter>
    </ClCompile>
    <ClCompile Include="include\terminality\Layout\ControlBase.ixx">
      <Filter>Исходные файлы</Filter>
    </ClCompile>
    <ClCompile Include="include\terminality\Controls\Border.ixx">
      <Filter>Исходные файлы</Filter>
    </ClCompile>
    <ClCompile Include="include\terminality\Controls\Button.ixx">
      <Filter>Исходные файлы</Filter>
    </ClCompile>
    <ClCompile Include="include\terminality\Controls\TextBox.ixx">
      <Filter>Исходные файлы</Filter>
    </ClCompile>
    <ClCompile Include="include\terminality\Controls\ItemsControl.ixx">
      <Filter>Исходные файлы</Filter>
    </ClCompile>
    <ClCompile Include="include\terminality\Controls\MessageBox.ixx">
      <Filter>Исходные файлы</Filter>
    </ClCompile>
    <ClCompile Include="include\terminality\Controls\ContextMenu.ixx">
      <Filter>Исходные файлы</Filter>
    </ClCompile>
    <ClCompile Include="include\terminality\Controls\OpenFileDialog.ixx">
      <Filter>Исходные файлы</Filter>
    </ClCompile>
    <ClCompile Include="include\terminality\EventSignal.ixx">
      <Filter>Исходные файлы</Filter>
    </ClCompile>
    <ClCompile Include="include\terminality\Layout\PropertyDescriptor.ixx">
      <Filter>Исходные файлы</Filter>
    </ClCompile>
    <ClCompile Include="include\terminality\HostApplication.ixx">
      <Filter>Исходные файлы</Filter>
    </ClCompile>
    <ClCompile Include="include\terminality\FocusManager.ixx">
      <Filter>Исходные файлы</Filter>
    </ClCompile>
    <ClCompile Include="include\terminality\Layout\VisualTree.ixx">
      <Filter>Исходные файлы</Filter>
    </ClCompile>
    <ClCompile Include="include\terminality\Terminality.ixx">
      <Filter>Исходные файлы</Filter>
    </ClCompile>
    <ClCompile Include="include\terminality\RenderBuffer.ixx">
      <Filter>Исходные файлы</Filter>
    </ClCompile>
    <ClCompile Include="include\terminality\Models\Geometry.ixx">
      <Filter>Исходные файлы</Filter>
    </ClCompile>
    <ClCompile Include="src\EventSignal.cpp">
      <Filter>Исходные файлы</Filter>
    </ClCompile>
    <ClCompile Include="include\terminality\RenderContext.ixx">
      <Filter>Исходные файлы</Filter>
    </ClCompile>
    <ClCompile Include="include\terminality\Layout\VisualTreeNode.ixx">
      <Filter>Исходные файлы</Filter>
    </ClCompile>
    <ClCompile Include="src\PlatformSpecific\HostApplication.Linux.cpp">
      <Filter>Исходные файлы</Filter>
    </ClCompile>
    <ClCompile Include="include\terminality\Collections\ObservableCollection.ixx">
      <Filter>Исходные файлы</Filter>
    </ClCompile>
    <ClCompile Include="include\terminality\Collections\Queries.ixx">
      <Filter>Исходные файлы</Filter>
    </ClCompile>
    <ClCompile Include="include\terminality\Controls\CheckBox.ixx">
      <Filter>Исходные файлы</Filter>
    </ClCompile>
    <ClCompile Include="src\Controls\CheckBox.cpp">
      <Filter>Исходные файлы</Filter>
    </ClCompile>
    <ClCompile Include="include\terminality\Controls\Label.ixx">
      <Filter>Исходные файлы</Filter>
    </ClCompile>
    <ClCompile Include="src\Controls\Label.cpp">
      <Filter>Исходные файлы</Filter>
    </ClCompile>
    <ClCompile Include="include\terminality\Layout\TextHelper.ixx">
      <Filter>Исходные файлы</Filter>
    </ClCompile>
    <ClCompile Include="src\Layout\TextHelper.cpp">
      <Filter>Исходные файлы</Filter>
    </ClCompile>
    <ClCompile Include="include\terminality\RenderStream.ixx">
      <Filter>Исходные файлы</Filter>
    </ClCompile>
    <ClCompile Include="src\RenderStream.cpp">
      <Filter>Исходные файлы</Filter>
    </ClCompile>
    <ClCompile Include="include\terminality\Controls\Spinner.ixx">
      <Filter>Исходные файлы</Filter>
    </ClCompile>
    <ClCompile Include="src\DispatchTimer.cpp">
      <Filter>Исходные файлы</Filter>
    </ClCompile>
    <ClCompile Include="include\terminality\DispatchTimer.ixx">
      <Filter>Исходные файлы</Filter>
    </ClCompile>
    <ClCompile Include="include\terminality\Navigator.ixx">
      <Filter>Исходные файлы</Filter>
    </ClCompile>
    <ClCompile Include="src\Navigator.cpp">
      <Filter>Исходные файлы</Filter>
    </ClCompile>
    <ClCompile Include="src\Controls\Spinner.cpp">
      <Filter>Исходные файлы</Filter>
    </ClCompile>
  </ItemGroup>
  <ItemGroup>
    <ClCompile Include="src\RenderBuffer.cpp">
      <Filter>Исходные файлы</Filter>
    </ClCompile>
    <ClCompile Include="src\HostApplication.cpp">
      <Filter>Исходные файлы</Filter>
    </ClCompile>
    <ClCompile Include="src\FocusManager.cpp">
      <Filter>Исходные файлы</Filter>
    </ClCompile>
    <ClCompile Include="src\Layout\VisualTreeNode.cpp">
      <Filter>Исходные файлы</Filter>
    </ClCompile>
    <ClCompile Include="src\RenderContext.cpp">
      <Filter>Исходные файлы</Filter>
    </ClCompile>
    <ClCompile Include="src\Layout\VisualTree.cpp">
      <Filter>Исходные файлы</Filter>
    </ClCompile>
    <ClCompile Include="src\Models\Geometry.cpp">
      <Filter>Исходные файлы</Filter>
    </ClCompile>
    <ClCompile Include="src\PlatformSpecific\HostApplication.Windows.cpp">
      <Filter>Исходные файлы</Filter>
    </ClCompile>
    <ClCompile Include="src\Controls\Border.cpp">
      <Filter>Исходные файлы</Filter>
    </ClCompile>
    <ClCompile Include="src\Controls\Button.cpp">
      <Filter>Исходные файлы</Filter>
    </ClCompile>
    <ClCompile Include="src\Controls\TextBox.cpp">
      <Filter>Исходные файлы</Filter>
    </ClCompile>
    <ClCompile Include="src\Controls\MessageBox.cpp">
      <Filter>Исходные файлы</Filter>
    </ClCompile>
    <ClCompile Include="src\Controls\ContextMenu.cpp">
      <Filter>Исходные файлы</Filter>
    </ClCompile>
    <ClCompile Include="src\Controls\OpenFileDialog.cpp">
      <Filter>Исходные файлы</Filter>
    </ClCompile>
    <ClCompile Include="src\Layout\ControlBase.cpp">
      <Filter>Исходные файлы</Filter>
    </ClCompile>
    <ClCompile Include="src\Controls\StackPanel.cpp">
      <Filter>Исходные файлы</Filter>
    </ClCompile>
    <ClCompile Include="src\Controls\Grid.cpp">
      <Filter>Исходные файлы</Filter>
    </ClCompile>
  </ItemGroup>
  <ItemGroup>
    <Text Include="CMakeLists.txt" />
  </ItemGroup>
</Project>